
Microsoft Visual Studio Solution File, Format Version 12.00
# Visual Studio 15
VisualStudioVersion = 15.0.26228.4
MinimumVisualStudioVersion = 15.0.26124.0
Project("{2150E333-8FDC-42A3-9474-1A3956D46DE8}") = "src", "src", "{6A738F03-9E5C-48C4-816E-1A9F2FC6D1B6}"
EndProject
Project("{2150E333-8FDC-42A3-9474-1A3956D46DE8}") = "test", "test", "{E682F909-0C68-4255-B740-FC9C57208D58}"
EndProject
Project("{9A19103F-16F7-4668-BE54-9A1E7A4F7556}") = "Blog.Mingor.NET", "src\Blog.Mingor.NET.csproj", "{DCE9FCDA-BCDA-4871-B8D5-E4389EFBFFC0}"
EndProject
Global
	GlobalSection(SolutionConfigurationPlatforms) = preSolution
		Debug|Any CPU = Debug|Any CPU
		Release|Any CPU = Release|Any CPU
	EndGlobalSection
	GlobalSection(ProjectConfigurationPlatforms) = postSolution
		{DCE9FCDA-BCDA-4871-B8D5-E4389EFBFFC0}.Debug|Any CPU.ActiveCfg = Debug|Any CPU
		{DCE9FCDA-BCDA-4871-B8D5-E4389EFBFFC0}.Debug|Any CPU.Build.0 = Debug|Any CPU
		{DCE9FCDA-BCDA-4871-B8D5-E4389EFBFFC0}.Release|Any CPU.ActiveCfg = Release|Any CPU
		{DCE9FCDA-BCDA-4871-B8D5-E4389EFBFFC0}.Release|Any CPU.Build.0 = Release|Any CPU
	EndGlobalSection
	GlobalSection(SolutionProperties) = preSolution
		HideSolutionNode = FALSE
	EndGlobalSection
	GlobalSection(NestedProjects) = preSolution
		{DCE9FCDA-BCDA-4871-B8D5-E4389EFBFFC0} = {6A738F03-9E5C-48C4-816E-1A9F2FC6D1B6}
	EndGlobalSection
EndGlobal
